// !$*UTF8*$!
{
	archiveVersion = 1;
	classes = {
	};
	objectVersion = 51;
	objects = {

/* Begin PBXBuildFile section */
		014B325F93749DC7B78D03AA /* Pods_CTAProject.framework in Frameworks */ = {isa = PBXBuildFile; fileRef = 0695B1723AE66F66D58B21C1 /* Pods_CTAProject.framework */; };
		03FBD60E4E29B57507097C96 /* CTAProjectUITests.swift in Sources */ = {isa = PBXBuildFile; fileRef = 6E537079D964ECAE653FA32D /* CTAProjectUITests.swift */; };
		05261A980652BD06ECDF8E3E /* Localizable.strings in Resources */ = {isa = PBXBuildFile; fileRef = 4BB604CBA072EA4D013624B0 /* Localizable.strings */; };
		058F415E7BC472BF1E990E54 /* ViewModel.swift in Sources */ = {isa = PBXBuildFile; fileRef = 1EA2D5BD3346A37A9C14FDD4 /* ViewModel.swift */; };
		1EF374F0EE85E19D8139D35B /* CTAProjectUITestsLaunchTests.swift in Sources */ = {isa = PBXBuildFile; fileRef = 6BB835FF069BB55A118EC613 /* CTAProjectUITestsLaunchTests.swift */; };
		28BE298ED4AEF741F4EA7FF4 /* Localized.swift in Sources */ = {isa = PBXBuildFile; fileRef = 6CCB8FDDBEDFB4E818E06138 /* Localized.swift */; };
		3B6AEC94EEE7020D90655823 /* CTAProjectTests.swift in Sources */ = {isa = PBXBuildFile; fileRef = 0111FB426E90E05C789DDDB0 /* CTAProjectTests.swift */; };
		4FCAE9208B9AD1762DA76030 /* Pods_CTAProject_CTAProjectUITests.framework in Frameworks */ = {isa = PBXBuildFile; fileRef = EA5E01B6071077F5A8762981 /* Pods_CTAProject_CTAProjectUITests.framework */; };
		5AB076B61B39D258A0F258D1 /* Model.swift in Sources */ = {isa = PBXBuildFile; fileRef = 2F6DB90F28547DFC5ECD0CE7 /* Model.swift */; };
		5D99A77ACA566D0E64AAE137 /* ViewModelType.swift in Sources */ = {isa = PBXBuildFile; fileRef = 9D23031F3CA0BD34073D0C5D /* ViewModelType.swift */; };
		61BDFFD186388F5023CEB432 /* Asset.swift in Sources */ = {isa = PBXBuildFile; fileRef = 8A33A6CCDCA2E6AFB7FE5632 /* Asset.swift */; };
		6DC3F75FF2F78EE9A75E116D /* AppDelegate.swift in Sources */ = {isa = PBXBuildFile; fileRef = B18D99C0EB8FD919602BD1B8 /* AppDelegate.swift */; };
		885E7D212EFE9D77F68AA724 /* Extension.swift in Sources */ = {isa = PBXBuildFile; fileRef = FA39253CFE54D80FB22E7514 /* Extension.swift */; };
		A76EEFFF03B4ABCB882FFA4A /* Pods_CTAProjectTests.framework in Frameworks */ = {isa = PBXBuildFile; fileRef = 44AC5E566739ECDEB26726C8 /* Pods_CTAProjectTests.framework */; };
		AB8C36AF4BD30A18D9D36B8E /* ViewController.swift in Sources */ = {isa = PBXBuildFile; fileRef = 3FA1043231B1737DBAE58CDF /* ViewController.swift */; };
		B0DCE7E298ED6315B1130131 /* SceneDelegate.swift in Sources */ = {isa = PBXBuildFile; fileRef = EECE13D99C00E4B222419D04 /* SceneDelegate.swift */; };
		BD82D4605EFA86D98FF63EF9 /* Assets.xcassets in Resources */ = {isa = PBXBuildFile; fileRef = 08649ACD8147CD7D20C93370 /* Assets.xcassets */; };
		D0846CC43D9330871476EC0D /* LaunchScreen.storyboard in Resources */ = {isa = PBXBuildFile; fileRef = 8EC6B3B270DF7A90F7CEFB76 /* LaunchScreen.storyboard */; };
		F7D97B1AF1A987BBB55FBAF6 /* Main.storyboard in Resources */ = {isa = PBXBuildFile; fileRef = E9D28AFE9062A1236B365FF8 /* Main.storyboard */; };
/* End PBXBuildFile section */

/* Begin PBXContainerItemProxy section */
		D96BA52F9B9C0CEB20329931 /* PBXContainerItemProxy */ = {
			isa = PBXContainerItemProxy;
			containerPortal = 45D6A87C73503E8A8049AFE8 /* Project object */;
			proxyType = 1;
			remoteGlobalIDString = D9332A3FA6E95AE7D9B1882F;
			remoteInfo = CTAProject;
		};
		DAD27361B36BE669986EC8E6 /* PBXContainerItemProxy */ = {
			isa = PBXContainerItemProxy;
			containerPortal = 45D6A87C73503E8A8049AFE8 /* Project object */;
			proxyType = 1;
			remoteGlobalIDString = D9332A3FA6E95AE7D9B1882F;
			remoteInfo = CTAProject;
		};
/* End PBXContainerItemProxy section */

/* Begin PBXFileReference section */
		0111FB426E90E05C789DDDB0 /* CTAProjectTests.swift */ = {isa = PBXFileReference; lastKnownFileType = sourcecode.swift; path = CTAProjectTests.swift; sourceTree = "<group>"; };
		039E6C3479B5B54034DC2BE4 /* Pods-CTAProjectTests.release.xcconfig */ = {isa = PBXFileReference; includeInIndex = 1; lastKnownFileType = text.xcconfig; name = "Pods-CTAProjectTests.release.xcconfig"; path = "Target Support Files/Pods-CTAProjectTests/Pods-CTAProjectTests.release.xcconfig"; sourceTree = "<group>"; };
		0695B1723AE66F66D58B21C1 /* Pods_CTAProject.framework */ = {isa = PBXFileReference; explicitFileType = wrapper.framework; includeInIndex = 0; path = Pods_CTAProject.framework; sourceTree = BUILT_PRODUCTS_DIR; };
		08649ACD8147CD7D20C93370 /* Assets.xcassets */ = {isa = PBXFileReference; lastKnownFileType = folder.assetcatalog; path = Assets.xcassets; sourceTree = "<group>"; };
		0D019FBFE6663551403CBCED /* Pods-CTAProject-CTAProjectUITests.debug.xcconfig */ = {isa = PBXFileReference; includeInIndex = 1; lastKnownFileType = text.xcconfig; name = "Pods-CTAProject-CTAProjectUITests.debug.xcconfig"; path = "Target Support Files/Pods-CTAProject-CTAProjectUITests/Pods-CTAProject-CTAProjectUITests.debug.xcconfig"; sourceTree = "<group>"; };
		0E4F2AF5BE9C4E4FEFB35969 /* Pods-CTAProjectTests.debug.xcconfig */ = {isa = PBXFileReference; includeInIndex = 1; lastKnownFileType = text.xcconfig; name = "Pods-CTAProjectTests.debug.xcconfig"; path = "Target Support Files/Pods-CTAProjectTests/Pods-CTAProjectTests.debug.xcconfig"; sourceTree = "<group>"; };
		1EA2D5BD3346A37A9C14FDD4 /* ViewModel.swift */ = {isa = PBXFileReference; lastKnownFileType = sourcecode.swift; path = ViewModel.swift; sourceTree = "<group>"; };
		2F6DB90F28547DFC5ECD0CE7 /* Model.swift */ = {isa = PBXFileReference; lastKnownFileType = sourcecode.swift; path = Model.swift; sourceTree = "<group>"; };
		3B89FED88BB7DED82D2415D5 /* Pods-CTAProject-CTAProjectUITests.release.xcconfig */ = {isa = PBXFileReference; includeInIndex = 1; lastKnownFileType = text.xcconfig; name = "Pods-CTAProject-CTAProjectUITests.release.xcconfig"; path = "Target Support Files/Pods-CTAProject-CTAProjectUITests/Pods-CTAProject-CTAProjectUITests.release.xcconfig"; sourceTree = "<group>"; };
		3D6BF80818266FE41C839AE2 /* Info.plist */ = {isa = PBXFileReference; lastKnownFileType = text.plist; path = Info.plist; sourceTree = "<group>"; };
		3FA1043231B1737DBAE58CDF /* ViewController.swift */ = {isa = PBXFileReference; lastKnownFileType = sourcecode.swift; path = ViewController.swift; sourceTree = "<group>"; };
		44AC5E566739ECDEB26726C8 /* Pods_CTAProjectTests.framework */ = {isa = PBXFileReference; explicitFileType = wrapper.framework; includeInIndex = 0; path = Pods_CTAProjectTests.framework; sourceTree = BUILT_PRODUCTS_DIR; };
		4B2223A39BCFA18DA9270068 /* CTAProjectUITests.xctest */ = {isa = PBXFileReference; includeInIndex = 0; lastKnownFileType = wrapper.cfbundle; path = CTAProjectUITests.xctest; sourceTree = BUILT_PRODUCTS_DIR; };
		4BB604CBA072EA4D013624B0 /* Localizable.strings */ = {isa = PBXFileReference; lastKnownFileType = text.plist.strings; path = Localizable.strings; sourceTree = "<group>"; };
		64F0DA81EC65B36A9D4C8FA6 /* Pods-CTAProject.release.xcconfig */ = {isa = PBXFileReference; includeInIndex = 1; lastKnownFileType = text.xcconfig; name = "Pods-CTAProject.release.xcconfig"; path = "Target Support Files/Pods-CTAProject/Pods-CTAProject.release.xcconfig"; sourceTree = "<group>"; };
		6BB835FF069BB55A118EC613 /* CTAProjectUITestsLaunchTests.swift */ = {isa = PBXFileReference; lastKnownFileType = sourcecode.swift; path = CTAProjectUITestsLaunchTests.swift; sourceTree = "<group>"; };
		6CCB8FDDBEDFB4E818E06138 /* Localized.swift */ = {isa = PBXFileReference; lastKnownFileType = sourcecode.swift; path = Localized.swift; sourceTree = "<group>"; };
		6D6B9D4264C099715C2B0108 /* CTAProject.app */ = {isa = PBXFileReference; includeInIndex = 0; lastKnownFileType = wrapper.application; path = CTAProject.app; sourceTree = BUILT_PRODUCTS_DIR; };
		6E537079D964ECAE653FA32D /* CTAProjectUITests.swift */ = {isa = PBXFileReference; lastKnownFileType = sourcecode.swift; path = CTAProjectUITests.swift; sourceTree = "<group>"; };
		86410D396C3A33B1B9B0CC3A /* Pods-CTAProject.debug.xcconfig */ = {isa = PBXFileReference; includeInIndex = 1; lastKnownFileType = text.xcconfig; name = "Pods-CTAProject.debug.xcconfig"; path = "Target Support Files/Pods-CTAProject/Pods-CTAProject.debug.xcconfig"; sourceTree = "<group>"; };
		8A33A6CCDCA2E6AFB7FE5632 /* Asset.swift */ = {isa = PBXFileReference; lastKnownFileType = sourcecode.swift; path = Asset.swift; sourceTree = "<group>"; };
		9D23031F3CA0BD34073D0C5D /* ViewModelType.swift */ = {isa = PBXFileReference; lastKnownFileType = sourcecode.swift; path = ViewModelType.swift; sourceTree = "<group>"; };
		B18D99C0EB8FD919602BD1B8 /* AppDelegate.swift */ = {isa = PBXFileReference; lastKnownFileType = sourcecode.swift; path = AppDelegate.swift; sourceTree = "<group>"; };
		C69A110B943A5BBDF9D3DF17 /* Base */ = {isa = PBXFileReference; lastKnownFileType = file.storyboard; name = Base; path = Base.lproj/LaunchScreen.storyboard; sourceTree = "<group>"; };
		CAAA0951C3357452371C24B4 /* CTAProjectTests.xctest */ = {isa = PBXFileReference; includeInIndex = 0; lastKnownFileType = wrapper.cfbundle; path = CTAProjectTests.xctest; sourceTree = BUILT_PRODUCTS_DIR; };
		D28D1D5B1DBC20CEF0F77F05 /* Base */ = {isa = PBXFileReference; lastKnownFileType = file.storyboard; name = Base; path = Base.lproj/Main.storyboard; sourceTree = "<group>"; };
		EA5E01B6071077F5A8762981 /* Pods_CTAProject_CTAProjectUITests.framework */ = {isa = PBXFileReference; explicitFileType = wrapper.framework; includeInIndex = 0; path = Pods_CTAProject_CTAProjectUITests.framework; sourceTree = BUILT_PRODUCTS_DIR; };
		EECE13D99C00E4B222419D04 /* SceneDelegate.swift */ = {isa = PBXFileReference; lastKnownFileType = sourcecode.swift; path = SceneDelegate.swift; sourceTree = "<group>"; };
		FA39253CFE54D80FB22E7514 /* Extension.swift */ = {isa = PBXFileReference; lastKnownFileType = sourcecode.swift; path = Extension.swift; sourceTree = "<group>"; };
/* End PBXFileReference section */

/* Begin PBXFrameworksBuildPhase section */
		0A3620EFA3EF7D538F35EA14 /* Frameworks */ = {
			isa = PBXFrameworksBuildPhase;
			buildActionMask = 2147483647;
			files = (
				014B325F93749DC7B78D03AA /* Pods_CTAProject.framework in Frameworks */,
			);
			runOnlyForDeploymentPostprocessing = 0;
		};
		4C192BDFC520CADAFAECFC8C /* Frameworks */ = {
			isa = PBXFrameworksBuildPhase;
			buildActionMask = 2147483647;
			files = (
				A76EEFFF03B4ABCB882FFA4A /* Pods_CTAProjectTests.framework in Frameworks */,
			);
			runOnlyForDeploymentPostprocessing = 0;
		};
		F68B9C9243A5A786AC0C250E /* Frameworks */ = {
			isa = PBXFrameworksBuildPhase;
			buildActionMask = 2147483647;
			files = (
				4FCAE9208B9AD1762DA76030 /* Pods_CTAProject_CTAProjectUITests.framework in Frameworks */,
			);
			runOnlyForDeploymentPostprocessing = 0;
		};
/* End PBXFrameworksBuildPhase section */

/* Begin PBXGroup section */
		37DCFE4CDB1A6760781EA1D8 /* Extension */ = {
			isa = PBXGroup;
			children = (
				FA39253CFE54D80FB22E7514 /* Extension.swift */,
			);
			path = Extension;
			sourceTree = "<group>";
		};
		3DB2807C30950A9C36D8D08C /* ViewController */ = {
			isa = PBXGroup;
			children = (
				3FA1043231B1737DBAE58CDF /* ViewController.swift */,
			);
			path = ViewController;
			sourceTree = "<group>";
		};
		44AEDB8439665EEA544A2716 /* UIResource */ = {
			isa = PBXGroup;
			children = (
				6B2545162A736805BF7C29B7 /* Generated */,
				BF8D4E852C750E8DBC907089 /* Resource */,
			);
			path = UIResource;
			sourceTree = "<group>";
		};
		4B838396A3194C7D00C9B4B4 /* Model */ = {
			isa = PBXGroup;
			children = (
				2F6DB90F28547DFC5ECD0CE7 /* Model.swift */,
			);
			path = Model;
			sourceTree = "<group>";
		};
		5CB2E34DE64BE233D2E82260 /* Products */ = {
			isa = PBXGroup;
			children = (
				6D6B9D4264C099715C2B0108 /* CTAProject.app */,
				CAAA0951C3357452371C24B4 /* CTAProjectTests.xctest */,
				4B2223A39BCFA18DA9270068 /* CTAProjectUITests.xctest */,
			);
			name = Products;
			sourceTree = "<group>";
		};
		6857F0EAB7B21E6C4F385C51 /* Localizable */ = {
			isa = PBXGroup;
			children = (
				4BB604CBA072EA4D013624B0 /* Localizable.strings */,
			);
			path = Localizable;
			sourceTree = "<group>";
		};
		6B2545162A736805BF7C29B7 /* Generated */ = {
			isa = PBXGroup;
			children = (
				8A33A6CCDCA2E6AFB7FE5632 /* Asset.swift */,
				6CCB8FDDBEDFB4E818E06138 /* Localized.swift */,
			);
			path = Generated;
			sourceTree = "<group>";
		};
		6E19E0252119A29FE5CEEFED /* UILogicInterface */ = {
			isa = PBXGroup;
			children = (
				9D23031F3CA0BD34073D0C5D /* ViewModelType.swift */,
			);
			path = UILogicInterface;
			sourceTree = "<group>";
		};
		739395FF06657A2DC9369D25 /* CTAProject */ = {
			isa = PBXGroup;
			children = (
				B18D99C0EB8FD919602BD1B8 /* AppDelegate.swift */,
				3D6BF80818266FE41C839AE2 /* Info.plist */,
				EECE13D99C00E4B222419D04 /* SceneDelegate.swift */,
				37DCFE4CDB1A6760781EA1D8 /* Extension */,
				4B838396A3194C7D00C9B4B4 /* Model */,
				CA484667D63E57BE88AF599B /* UIComponent */,
				F8A6E5D2385AE91E6B7B28E5 /* UILogic */,
				6E19E0252119A29FE5CEEFED /* UILogicInterface */,
				44AEDB8439665EEA544A2716 /* UIResource */,
			);
			path = CTAProject;
			sourceTree = "<group>";
		};
		B8F5D5DC9835470205E23DCD /* Pods */ = {
			isa = PBXGroup;
			children = (
				86410D396C3A33B1B9B0CC3A /* Pods-CTAProject.debug.xcconfig */,
				64F0DA81EC65B36A9D4C8FA6 /* Pods-CTAProject.release.xcconfig */,
				0D019FBFE6663551403CBCED /* Pods-CTAProject-CTAProjectUITests.debug.xcconfig */,
				3B89FED88BB7DED82D2415D5 /* Pods-CTAProject-CTAProjectUITests.release.xcconfig */,
				0E4F2AF5BE9C4E4FEFB35969 /* Pods-CTAProjectTests.debug.xcconfig */,
				039E6C3479B5B54034DC2BE4 /* Pods-CTAProjectTests.release.xcconfig */,
			);
			name = Pods;
			path = Pods;
			sourceTree = "<group>";
		};
		BF8D4E852C750E8DBC907089 /* Resource */ = {
			isa = PBXGroup;
			children = (
				08649ACD8147CD7D20C93370 /* Assets.xcassets */,
				6857F0EAB7B21E6C4F385C51 /* Localizable */,
			);
			path = Resource;
			sourceTree = "<group>";
		};
		C7696DC6D205DE7FD2060FD9 /* CTAProjectUITests */ = {
			isa = PBXGroup;
			children = (
				6E537079D964ECAE653FA32D /* CTAProjectUITests.swift */,
				6BB835FF069BB55A118EC613 /* CTAProjectUITestsLaunchTests.swift */,
			);
			path = CTAProjectUITests;
			sourceTree = "<group>";
		};
		CA484667D63E57BE88AF599B /* UIComponent */ = {
			isa = PBXGroup;
			children = (
				8EC6B3B270DF7A90F7CEFB76 /* LaunchScreen.storyboard */,
				E9D28AFE9062A1236B365FF8 /* Main.storyboard */,
				3DB2807C30950A9C36D8D08C /* ViewController */,
			);
			path = UIComponent;
			sourceTree = "<group>";
		};
		D41170C3C6E7519D1CD8AA4B /* CTAProjectTests */ = {
			isa = PBXGroup;
			children = (
				0111FB426E90E05C789DDDB0 /* CTAProjectTests.swift */,
			);
			path = CTAProjectTests;
			sourceTree = "<group>";
		};
		D4D171B4D2F0C1E2036D4630 /* Frameworks */ = {
			isa = PBXGroup;
			children = (
				0695B1723AE66F66D58B21C1 /* Pods_CTAProject.framework */,
				EA5E01B6071077F5A8762981 /* Pods_CTAProject_CTAProjectUITests.framework */,
				44AC5E566739ECDEB26726C8 /* Pods_CTAProjectTests.framework */,
			);
			name = Frameworks;
			sourceTree = "<group>";
		};
		F418266B010C8F5B8D9B87D4 = {
			isa = PBXGroup;
			children = (
				739395FF06657A2DC9369D25 /* CTAProject */,
				D41170C3C6E7519D1CD8AA4B /* CTAProjectTests */,
				C7696DC6D205DE7FD2060FD9 /* CTAProjectUITests */,
				5CB2E34DE64BE233D2E82260 /* Products */,
				B8F5D5DC9835470205E23DCD /* Pods */,
				D4D171B4D2F0C1E2036D4630 /* Frameworks */,
			);
			sourceTree = "<group>";
		};
		F8A6E5D2385AE91E6B7B28E5 /* UILogic */ = {
			isa = PBXGroup;
			children = (
				1EA2D5BD3346A37A9C14FDD4 /* ViewModel.swift */,
			);
			path = UILogic;
			sourceTree = "<group>";
		};
/* End PBXGroup section */

/* Begin PBXNativeTarget section */
		85F85DD11A22A42B7B153F85 /* CTAProjectUITests */ = {
			isa = PBXNativeTarget;
			buildConfigurationList = 7EA7284B68D0161A7ABC6781 /* Build configuration list for PBXNativeTarget "CTAProjectUITests" */;
			buildPhases = (
				E638F4C01A45216614092461 /* [CP] Check Pods Manifest.lock */,
				A28FD38A83981345B60F26CE /* Sources */,
				F68B9C9243A5A786AC0C250E /* Frameworks */,
			);
			buildRules = (
			);
			dependencies = (
				81C843FF9F5D1A10A2D7AD10 /* PBXTargetDependency */,
			);
			name = CTAProjectUITests;
			productName = CTAProjectUITests;
			productReference = 4B2223A39BCFA18DA9270068 /* CTAProjectUITests.xctest */;
			productType = "com.apple.product-type.bundle.ui-testing";
		};
		D9332A3FA6E95AE7D9B1882F /* CTAProject */ = {
			isa = PBXNativeTarget;
			buildConfigurationList = 5DA99E435CE0435A449B90FE /* Build configuration list for PBXNativeTarget "CTAProject" */;
			buildPhases = (
				8FD21D551D5C47D2DB0F31F3 /* [CP] Check Pods Manifest.lock */,
				19883314719AD85A264A2E3A /* Sources */,
				EA412DD315C66F83B9517EDC /* Resources */,
				0A3620EFA3EF7D538F35EA14 /* Frameworks */,
			);
			buildRules = (
			);
			dependencies = (
			);
			name = CTAProject;
			productName = CTAProject;
			productReference = 6D6B9D4264C099715C2B0108 /* CTAProject.app */;
			productType = "com.apple.product-type.application";
		};
		DE7420A7C0E7C31DFFDC5D70 /* CTAProjectTests */ = {
			isa = PBXNativeTarget;
			buildConfigurationList = CF74CFE0200A41B7AE078D6D /* Build configuration list for PBXNativeTarget "CTAProjectTests" */;
			buildPhases = (
				097150B3EF4058DE393259FF /* [CP] Check Pods Manifest.lock */,
				54836BE9D5650D7518D1ECCB /* Sources */,
				4C192BDFC520CADAFAECFC8C /* Frameworks */,
			);
			buildRules = (
			);
			dependencies = (
				47E508C287F2187AEED9DFCB /* PBXTargetDependency */,
			);
			name = CTAProjectTests;
			productName = CTAProjectTests;
			productReference = CAAA0951C3357452371C24B4 /* CTAProjectTests.xctest */;
			productType = "com.apple.product-type.bundle.unit-test";
		};
/* End PBXNativeTarget section */

/* Begin PBXProject section */
		45D6A87C73503E8A8049AFE8 /* Project object */ = {
			isa = PBXProject;
			attributes = {
				LastUpgradeCheck = 1200;
				TargetAttributes = {
					85F85DD11A22A42B7B153F85 = {
						TestTargetID = D9332A3FA6E95AE7D9B1882F;
					};
				};
			};
			buildConfigurationList = C2E1D4A946721CC1DE34CD1F /* Build configuration list for PBXProject "CTAProject" */;
			compatibilityVersion = "Xcode 10.0";
			developmentRegion = en;
			hasScannedForEncodings = 0;
			knownRegions = (
				Base,
				en,
			);
			mainGroup = F418266B010C8F5B8D9B87D4;
			productRefGroup = 5CB2E34DE64BE233D2E82260 /* Products */;
			projectDirPath = "";
			projectRoot = "";
			targets = (
				D9332A3FA6E95AE7D9B1882F /* CTAProject */,
				DE7420A7C0E7C31DFFDC5D70 /* CTAProjectTests */,
				85F85DD11A22A42B7B153F85 /* CTAProjectUITests */,
			);
		};
/* End PBXProject section */

/* Begin PBXResourcesBuildPhase section */
		EA412DD315C66F83B9517EDC /* Resources */ = {
			isa = PBXResourcesBuildPhase;
			buildActionMask = 2147483647;
			files = (
				BD82D4605EFA86D98FF63EF9 /* Assets.xcassets in Resources */,
				D0846CC43D9330871476EC0D /* LaunchScreen.storyboard in Resources */,
				05261A980652BD06ECDF8E3E /* Localizable.strings in Resources */,
				F7D97B1AF1A987BBB55FBAF6 /* Main.storyboard in Resources */,
			);
			runOnlyForDeploymentPostprocessing = 0;
		};
/* End PBXResourcesBuildPhase section */

/* Begin PBXShellScriptBuildPhase section */
		097150B3EF4058DE393259FF /* [CP] Check Pods Manifest.lock */ = {
			isa = PBXShellScriptBuildPhase;
			buildActionMask = 2147483647;
			files = (
			);
			inputFileListPaths = (
			);
			inputPaths = (
				"${PODS_PODFILE_DIR_PATH}/Podfile.lock",
				"${PODS_ROOT}/Manifest.lock",
			);
			name = "[CP] Check Pods Manifest.lock";
			outputFileListPaths = (
			);
			outputPaths = (
				"$(DERIVED_FILE_DIR)/Pods-CTAProjectTests-checkManifestLockResult.txt",
			);
			runOnlyForDeploymentPostprocessing = 0;
			shellPath = /bin/sh;
			shellScript = "diff \"${PODS_PODFILE_DIR_PATH}/Podfile.lock\" \"${PODS_ROOT}/Manifest.lock\" > /dev/null\nif [ $? != 0 ] ; then\n    # print error to STDERR\n    echo \"error: The sandbox is not in sync with the Podfile.lock. Run 'pod install' or update your CocoaPods installation.\" >&2\n    exit 1\nfi\n# This output is used by Xcode 'outputs' to avoid re-running this script phase.\necho \"SUCCESS\" > \"${SCRIPT_OUTPUT_FILE_0}\"\n";
			showEnvVarsInLog = 0;
		};
		8FD21D551D5C47D2DB0F31F3 /* [CP] Check Pods Manifest.lock */ = {
			isa = PBXShellScriptBuildPhase;
			buildActionMask = 2147483647;
			files = (
			);
			inputFileListPaths = (
			);
			inputPaths = (
				"${PODS_PODFILE_DIR_PATH}/Podfile.lock",
				"${PODS_ROOT}/Manifest.lock",
			);
			name = "[CP] Check Pods Manifest.lock";
			outputFileListPaths = (
			);
			outputPaths = (
				"$(DERIVED_FILE_DIR)/Pods-CTAProject-checkManifestLockResult.txt",
			);
			runOnlyForDeploymentPostprocessing = 0;
			shellPath = /bin/sh;
			shellScript = "diff \"${PODS_PODFILE_DIR_PATH}/Podfile.lock\" \"${PODS_ROOT}/Manifest.lock\" > /dev/null\nif [ $? != 0 ] ; then\n    # print error to STDERR\n    echo \"error: The sandbox is not in sync with the Podfile.lock. Run 'pod install' or update your CocoaPods installation.\" >&2\n    exit 1\nfi\n# This output is used by Xcode 'outputs' to avoid re-running this script phase.\necho \"SUCCESS\" > \"${SCRIPT_OUTPUT_FILE_0}\"\n";
			showEnvVarsInLog = 0;
		};
		E638F4C01A45216614092461 /* [CP] Check Pods Manifest.lock */ = {
			isa = PBXShellScriptBuildPhase;
			buildActionMask = 2147483647;
			files = (
			);
			inputFileListPaths = (
			);
			inputPaths = (
				"${PODS_PODFILE_DIR_PATH}/Podfile.lock",
				"${PODS_ROOT}/Manifest.lock",
			);
			name = "[CP] Check Pods Manifest.lock";
			outputFileListPaths = (
			);
			outputPaths = (
				"$(DERIVED_FILE_DIR)/Pods-CTAProject-CTAProjectUITests-checkManifestLockResult.txt",
			);
			runOnlyForDeploymentPostprocessing = 0;
			shellPath = /bin/sh;
			shellScript = "diff \"${PODS_PODFILE_DIR_PATH}/Podfile.lock\" \"${PODS_ROOT}/Manifest.lock\" > /dev/null\nif [ $? != 0 ] ; then\n    # print error to STDERR\n    echo \"error: The sandbox is not in sync with the Podfile.lock. Run 'pod install' or update your CocoaPods installation.\" >&2\n    exit 1\nfi\n# This output is used by Xcode 'outputs' to avoid re-running this script phase.\necho \"SUCCESS\" > \"${SCRIPT_OUTPUT_FILE_0}\"\n";
			showEnvVarsInLog = 0;
		};
/* End PBXShellScriptBuildPhase section */

/* Begin PBXSourcesBuildPhase section */
		19883314719AD85A264A2E3A /* Sources */ = {
			isa = PBXSourcesBuildPhase;
			buildActionMask = 2147483647;
			files = (
				6DC3F75FF2F78EE9A75E116D /* AppDelegate.swift in Sources */,
				61BDFFD186388F5023CEB432 /* Asset.swift in Sources */,
				885E7D212EFE9D77F68AA724 /* Extension.swift in Sources */,
				28BE298ED4AEF741F4EA7FF4 /* Localized.swift in Sources */,
				5AB076B61B39D258A0F258D1 /* Model.swift in Sources */,
				B0DCE7E298ED6315B1130131 /* SceneDelegate.swift in Sources */,
				AB8C36AF4BD30A18D9D36B8E /* ViewController.swift in Sources */,
				058F415E7BC472BF1E990E54 /* ViewModel.swift in Sources */,
				5D99A77ACA566D0E64AAE137 /* ViewModelType.swift in Sources */,
			);
			runOnlyForDeploymentPostprocessing = 0;
		};
		54836BE9D5650D7518D1ECCB /* Sources */ = {
			isa = PBXSourcesBuildPhase;
			buildActionMask = 2147483647;
			files = (
				3B6AEC94EEE7020D90655823 /* CTAProjectTests.swift in Sources */,
			);
			runOnlyForDeploymentPostprocessing = 0;
		};
		A28FD38A83981345B60F26CE /* Sources */ = {
			isa = PBXSourcesBuildPhase;
			buildActionMask = 2147483647;
			files = (
				03FBD60E4E29B57507097C96 /* CTAProjectUITests.swift in Sources */,
				1EF374F0EE85E19D8139D35B /* CTAProjectUITestsLaunchTests.swift in Sources */,
			);
			runOnlyForDeploymentPostprocessing = 0;
		};
/* End PBXSourcesBuildPhase section */

/* Begin PBXTargetDependency section */
		47E508C287F2187AEED9DFCB /* PBXTargetDependency */ = {
			isa = PBXTargetDependency;
			target = D9332A3FA6E95AE7D9B1882F /* CTAProject */;
			targetProxy = D96BA52F9B9C0CEB20329931 /* PBXContainerItemProxy */;
		};
		81C843FF9F5D1A10A2D7AD10 /* PBXTargetDependency */ = {
			isa = PBXTargetDependency;
			target = D9332A3FA6E95AE7D9B1882F /* CTAProject */;
			targetProxy = DAD27361B36BE669986EC8E6 /* PBXContainerItemProxy */;
		};
/* End PBXTargetDependency section */

/* Begin PBXVariantGroup section */
		8EC6B3B270DF7A90F7CEFB76 /* LaunchScreen.storyboard */ = {
			isa = PBXVariantGroup;
			children = (
				C69A110B943A5BBDF9D3DF17 /* Base */,
			);
			name = LaunchScreen.storyboard;
			sourceTree = "<group>";
		};
		E9D28AFE9062A1236B365FF8 /* Main.storyboard */ = {
			isa = PBXVariantGroup;
			children = (
				D28D1D5B1DBC20CEF0F77F05 /* Base */,
			);
			name = Main.storyboard;
			sourceTree = "<group>";
		};
/* End PBXVariantGroup section */

/* Begin XCBuildConfiguration section */
		22C679B13EB062F803EC8CCA /* Release */ = {
			isa = XCBuildConfiguration;
			baseConfigurationReference = 039E6C3479B5B54034DC2BE4 /* Pods-CTAProjectTests.release.xcconfig */;
			buildSettings = {
				BUNDLE_LOADER = "$(TEST_HOST)";
				IPHONEOS_DEPLOYMENT_TARGET = 13.0;
				LD_RUNPATH_SEARCH_PATHS = (
					"$(inherited)",
					"@executable_path/Frameworks",
					"@loader_path/Frameworks",
				);
				SDKROOT = iphoneos;
				TARGETED_DEVICE_FAMILY = "1,2";
				TEST_HOST = "$(BUILT_PRODUCTS_DIR)/CTAProject.app/CTAProject";
			};
			name = Release;
		};
		356F2F8644CBAEC865F01276 /* Debug */ = {
			isa = XCBuildConfiguration;
			baseConfigurationReference = 0D019FBFE6663551403CBCED /* Pods-CTAProject-CTAProjectUITests.debug.xcconfig */;
			buildSettings = {
				BUNDLE_LOADER = "$(TEST_HOST)";
				IPHONEOS_DEPLOYMENT_TARGET = 13.0;
				LD_RUNPATH_SEARCH_PATHS = (
					"$(inherited)",
					"@executable_path/Frameworks",
					"@loader_path/Frameworks",
				);
				SDKROOT = iphoneos;
				TARGETED_DEVICE_FAMILY = "1,2";
				TEST_TARGET_NAME = CTAProject;
			};
			name = Debug;
		};
		432EEBFFA06569B546B15060 /* Debug */ = {
			isa = XCBuildConfiguration;
			buildSettings = {
				ALWAYS_SEARCH_USER_PATHS = NO;
				CLANG_ANALYZER_NONNULL = YES;
				CLANG_ANALYZER_NUMBER_OBJECT_CONVERSION = YES_AGGRESSIVE;
				CLANG_CXX_LANGUAGE_STANDARD = "gnu++14";
				CLANG_CXX_LIBRARY = "libc++";
				CLANG_ENABLE_MODULES = YES;
				CLANG_ENABLE_OBJC_ARC = YES;
				CLANG_ENABLE_OBJC_WEAK = YES;
				CLANG_WARN_BLOCK_CAPTURE_AUTORELEASING = YES;
				CLANG_WARN_BOOL_CONVERSION = YES;
				CLANG_WARN_COMMA = YES;
				CLANG_WARN_CONSTANT_CONVERSION = YES;
				CLANG_WARN_DEPRECATED_OBJC_IMPLEMENTATIONS = YES;
				CLANG_WARN_DIRECT_OBJC_ISA_USAGE = YES_ERROR;
				CLANG_WARN_DOCUMENTATION_COMMENTS = YES;
				CLANG_WARN_EMPTY_BODY = YES;
				CLANG_WARN_ENUM_CONVERSION = YES;
				CLANG_WARN_INFINITE_RECURSION = YES;
				CLANG_WARN_INT_CONVERSION = YES;
				CLANG_WARN_NON_LITERAL_NULL_CONVERSION = YES;
				CLANG_WARN_OBJC_IMPLICIT_RETAIN_SELF = YES;
				CLANG_WARN_OBJC_LITERAL_CONVERSION = YES;
				CLANG_WARN_OBJC_ROOT_CLASS = YES_ERROR;
				CLANG_WARN_QUOTED_INCLUDE_IN_FRAMEWORK_HEADER = YES;
				CLANG_WARN_RANGE_LOOP_ANALYSIS = YES;
				CLANG_WARN_STRICT_PROTOTYPES = YES;
				CLANG_WARN_SUSPICIOUS_MOVE = YES;
				CLANG_WARN_UNGUARDED_AVAILABILITY = YES_AGGRESSIVE;
				CLANG_WARN_UNREACHABLE_CODE = YES;
				CLANG_WARN__DUPLICATE_METHOD_MATCH = YES;
				COPY_PHASE_STRIP = NO;
				DEBUG_INFORMATION_FORMAT = dwarf;
				ENABLE_STRICT_OBJC_MSGSEND = YES;
				ENABLE_TESTABILITY = YES;
				GCC_C_LANGUAGE_STANDARD = gnu11;
				GCC_DYNAMIC_NO_PIC = NO;
				GCC_NO_COMMON_BLOCKS = YES;
				GCC_OPTIMIZATION_LEVEL = 0;
				GCC_PREPROCESSOR_DEFINITIONS = (
					"$(inherited)",
					"DEBUG=1",
				);
				GCC_WARN_64_TO_32_BIT_CONVERSION = YES;
				GCC_WARN_ABOUT_RETURN_TYPE = YES_ERROR;
				GCC_WARN_UNDECLARED_SELECTOR = YES;
				GCC_WARN_UNINITIALIZED_AUTOS = YES_AGGRESSIVE;
				GCC_WARN_UNUSED_FUNCTION = YES;
				GCC_WARN_UNUSED_VARIABLE = YES;
				MTL_ENABLE_DEBUG_INFO = INCLUDE_SOURCE;
				MTL_FAST_MATH = YES;
				ONLY_ACTIVE_ARCH = YES;
				PRODUCT_NAME = "$(TARGET_NAME)";
				SDKROOT = iphoneos;
				SWIFT_ACTIVE_COMPILATION_CONDITIONS = DEBUG;
				SWIFT_OPTIMIZATION_LEVEL = "-Onone";
				SWIFT_VERSION = 5.0;
			};
			name = Debug;
		};
		50FE291FAAEA646FA1FEF50C /* Release */ = {
			isa = XCBuildConfiguration;
			buildSettings = {
				ALWAYS_SEARCH_USER_PATHS = NO;
				CLANG_ANALYZER_NONNULL = YES;
				CLANG_ANALYZER_NUMBER_OBJECT_CONVERSION = YES_AGGRESSIVE;
				CLANG_CXX_LANGUAGE_STANDARD = "gnu++14";
				CLANG_CXX_LIBRARY = "libc++";
				CLANG_ENABLE_MODULES = YES;
				CLANG_ENABLE_OBJC_ARC = YES;
				CLANG_ENABLE_OBJC_WEAK = YES;
				CLANG_WARN_BLOCK_CAPTURE_AUTORELEASING = YES;
				CLANG_WARN_BOOL_CONVERSION = YES;
				CLANG_WARN_COMMA = YES;
				CLANG_WARN_CONSTANT_CONVERSION = YES;
				CLANG_WARN_DEPRECATED_OBJC_IMPLEMENTATIONS = YES;
				CLANG_WARN_DIRECT_OBJC_ISA_USAGE = YES_ERROR;
				CLANG_WARN_DOCUMENTATION_COMMENTS = YES;
				CLANG_WARN_EMPTY_BODY = YES;
				CLANG_WARN_ENUM_CONVERSION = YES;
				CLANG_WARN_INFINITE_RECURSION = YES;
				CLANG_WARN_INT_CONVERSION = YES;
				CLANG_WARN_NON_LITERAL_NULL_CONVERSION = YES;
				CLANG_WARN_OBJC_IMPLICIT_RETAIN_SELF = YES;
				CLANG_WARN_OBJC_LITERAL_CONVERSION = YES;
				CLANG_WARN_OBJC_ROOT_CLASS = YES_ERROR;
				CLANG_WARN_QUOTED_INCLUDE_IN_FRAMEWORK_HEADER = YES;
				CLANG_WARN_RANGE_LOOP_ANALYSIS = YES;
				CLANG_WARN_STRICT_PROTOTYPES = YES;
				CLANG_WARN_SUSPICIOUS_MOVE = YES;
				CLANG_WARN_UNGUARDED_AVAILABILITY = YES_AGGRESSIVE;
				CLANG_WARN_UNREACHABLE_CODE = YES;
				CLANG_WARN__DUPLICATE_METHOD_MATCH = YES;
				COPY_PHASE_STRIP = NO;
				DEBUG_INFORMATION_FORMAT = "dwarf-with-dsym";
				ENABLE_NS_ASSERTIONS = NO;
				ENABLE_STRICT_OBJC_MSGSEND = YES;
				GCC_C_LANGUAGE_STANDARD = gnu11;
				GCC_NO_COMMON_BLOCKS = YES;
				GCC_WARN_64_TO_32_BIT_CONVERSION = YES;
				GCC_WARN_ABOUT_RETURN_TYPE = YES_ERROR;
				GCC_WARN_UNDECLARED_SELECTOR = YES;
				GCC_WARN_UNINITIALIZED_AUTOS = YES_AGGRESSIVE;
				GCC_WARN_UNUSED_FUNCTION = YES;
				GCC_WARN_UNUSED_VARIABLE = YES;
				MTL_ENABLE_DEBUG_INFO = NO;
				MTL_FAST_MATH = YES;
				PRODUCT_NAME = "$(TARGET_NAME)";
				SDKROOT = iphoneos;
				SWIFT_COMPILATION_MODE = wholemodule;
				SWIFT_OPTIMIZATION_LEVEL = "-O";
				SWIFT_VERSION = 5.0;
			};
			name = Release;
		};
		7C615992997047C5F41003FF /* Debug */ = {
			isa = XCBuildConfiguration;
			baseConfigurationReference = 86410D396C3A33B1B9B0CC3A /* Pods-CTAProject.debug.xcconfig */;
			buildSettings = {
				ASSETCATALOG_COMPILER_APPICON_NAME = AppIcon;
				CODE_SIGN_IDENTITY = "iPhone Developer";
				INFOPLIST_FILE = CTAProject/Info.plist;
				IPHONEOS_DEPLOYMENT_TARGET = 13.0;
				LD_RUNPATH_SEARCH_PATHS = (
					"$(inherited)",
					"@executable_path/Frameworks",
				);
				PRODUCT_BUNDLE_IDENTIFIER = com.hoge.CTAProject;
				SDKROOT = iphoneos;
				TARGETED_DEVICE_FAMILY = "1,2";
			};
			name = Debug;
		};
		85A66E142F3995EC5702C631 /* Debug */ = {
			isa = XCBuildConfiguration;
			baseConfigurationReference = 0E4F2AF5BE9C4E4FEFB35969 /* Pods-CTAProjectTests.debug.xcconfig */;
			buildSettings = {
				BUNDLE_LOADER = "$(TEST_HOST)";
				IPHONEOS_DEPLOYMENT_TARGET = 13.0;
				LD_RUNPATH_SEARCH_PATHS = (
					"$(inherited)",
					"@executable_path/Frameworks",
					"@loader_path/Frameworks",
				);
				SDKROOT = iphoneos;
				TARGETED_DEVICE_FAMILY = "1,2";
				TEST_HOST = "$(BUILT_PRODUCTS_DIR)/CTAProject.app/CTAProject";
			};
			name = Debug;
		};
		ACFCD648EA7444114BB40183 /* Release */ = {
			isa = XCBuildConfiguration;
			baseConfigurationReference = 3B89FED88BB7DED82D2415D5 /* Pods-CTAProject-CTAProjectUITests.release.xcconfig */;
			buildSettings = {
				BUNDLE_LOADER = "$(TEST_HOST)";
				IPHONEOS_DEPLOYMENT_TARGET = 13.0;
				LD_RUNPATH_SEARCH_PATHS = (
					"$(inherited)",
					"@executable_path/Frameworks",
					"@loader_path/Frameworks",
				);
				SDKROOT = iphoneos;
				TARGETED_DEVICE_FAMILY = "1,2";
				TEST_TARGET_NAME = CTAProject;
			};
			name = Release;
		};
		D3D8F02D0FE8282BED72F2D8 /* Release */ = {
			isa = XCBuildConfiguration;
			baseConfigurationReference = 64F0DA81EC65B36A9D4C8FA6 /* Pods-CTAProject.release.xcconfig */;
			buildSettings = {
				ASSETCATALOG_COMPILER_APPICON_NAME = AppIcon;
				CODE_SIGN_IDENTITY = "iPhone Developer";
				INFOPLIST_FILE = CTAProject/Info.plist;
				IPHONEOS_DEPLOYMENT_TARGET = 13.0;
				LD_RUNPATH_SEARCH_PATHS = (
					"$(inherited)",
					"@executable_path/Frameworks",
				);
				PRODUCT_BUNDLE_IDENTIFIER = com.hoge.CTAProject;
				SDKROOT = iphoneos;
				TARGETED_DEVICE_FAMILY = "1,2";
			};
			name = Release;
		};
/* End XCBuildConfiguration section */

/* Begin XCConfigurationList section */
		5DA99E435CE0435A449B90FE /* Build configuration list for PBXNativeTarget "CTAProject" */ = {
			isa = XCConfigurationList;
			buildConfigurations = (
				7C615992997047C5F41003FF /* Debug */,
				D3D8F02D0FE8282BED72F2D8 /* Release */,
			);
			defaultConfigurationIsVisible = 0;
			defaultConfigurationName = Debug;
		};
		7EA7284B68D0161A7ABC6781 /* Build configuration list for PBXNativeTarget "CTAProjectUITests" */ = {
			isa = XCConfigurationList;
			buildConfigurations = (
				356F2F8644CBAEC865F01276 /* Debug */,
				ACFCD648EA7444114BB40183 /* Release */,
			);
			defaultConfigurationIsVisible = 0;
			defaultConfigurationName = Debug;
		};
		C2E1D4A946721CC1DE34CD1F /* Build configuration list for PBXProject "CTAProject" */ = {
			isa = XCConfigurationList;
			buildConfigurations = (
				432EEBFFA06569B546B15060 /* Debug */,
				50FE291FAAEA646FA1FEF50C /* Release */,
			);
			defaultConfigurationIsVisible = 0;
			defaultConfigurationName = Debug;
		};
		CF74CFE0200A41B7AE078D6D /* Build configuration list for PBXNativeTarget "CTAProjectTests" */ = {
			isa = XCConfigurationList;
			buildConfigurations = (
				85A66E142F3995EC5702C631 /* Debug */,
				22C679B13EB062F803EC8CCA /* Release */,
			);
			defaultConfigurationIsVisible = 0;
			defaultConfigurationName = Debug;
		};
/* End XCConfigurationList section */
	};
	rootObject = 45D6A87C73503E8A8049AFE8 /* Project object */;
}
